// !$*UTF8*$!
{
	archiveVersion = 1;
	classes = {
	};
	objectVersion = 56;
	objects = {

/* Begin PBXBuildFile section */
		75669DEF28F45014008D1DD9 /* main.cpp in Sources */ = {isa = PBXBuildFile; fileRef = 75669DEE28F45014008D1DD9 /* main.cpp */; };
		75669DFA28F47089008D1DD9 /* Q1.cpp in Sources */ = {isa = PBXBuildFile; fileRef = 75669DF828F47089008D1DD9 /* Q1.cpp */; };
		75669DFD28F471F5008D1DD9 /* 21L-5617_Q2.cpp in Sources */ = {isa = PBXBuildFile; fileRef = 75669DFB28F471F5008D1DD9 /* 21L-5617_Q2.cpp */; };
		75669E0028F472B4008D1DD9 /* 21L_5617_Q3.cpp in Sources */ = {isa = PBXBuildFile; fileRef = 75669DFE28F472B4008D1DD9 /* 21L_5617_Q3.cpp */; };
		75669E0328F472CF008D1DD9 /* 21L-5617_Q4.cpp in Sources */ = {isa = PBXBuildFile; fileRef = 75669E0128F472CF008D1DD9 /* 21L-5617_Q4.cpp */; };
/* End PBXBuildFile section */

/* Begin PBXCopyFilesBuildPhase section */
		75669DE928F45014008D1DD9 /* CopyFiles */ = {
			isa = PBXCopyFilesBuildPhase;
			buildActionMask = 2147483647;
			dstPath = /usr/share/man/man1/;
			dstSubfolderSpec = 0;
			files = (
			);
			runOnlyForDeploymentPostprocessing = 1;
		};
/* End PBXCopyFilesBuildPhase section */

/* Begin PBXFileReference section */
		75669DEB28F45014008D1DD9 /* 21L-5617_LAB_6_Q1 */ = {isa = PBXFileReference; explicitFileType = "compiled.mach-o.executable"; includeInIndex = 0; path = "21L-5617_LAB_6_Q1"; sourceTree = BUILT_PRODUCTS_DIR; };
		75669DEE28F45014008D1DD9 /* main.cpp */ = {isa = PBXFileReference; lastKnownFileType = sourcecode.cpp.cpp; path = main.cpp; sourceTree = "<group>"; };
		75669DF828F47089008D1DD9 /* Q1.cpp */ = {isa = PBXFileReference; lastKnownFileType = sourcecode.cpp.cpp; path = Q1.cpp; sourceTree = "<group>"; };
		75669DFB28F471F5008D1DD9 /* 21L-5617_Q2.cpp */ = {isa = PBXFileReference; lastKnownFileType = sourcecode.cpp.cpp; name = "21L-5617_Q2.cpp"; path = "../../21L-5617_Q2.cpp"; sourceTree = "<group>"; };
		75669DFE28F472B4008D1DD9 /* 21L_5617_Q3.cpp */ = {isa = PBXFileReference; lastKnownFileType = sourcecode.cpp.cpp; path = 21L_5617_Q3.cpp; sourceTree = "<group>"; };
		75669E0128F472CF008D1DD9 /* 21L-5617_Q4.cpp */ = {isa = PBXFileReference; lastKnownFileType = sourcecode.cpp.cpp; path = "21L-5617_Q4.cpp"; sourceTree = "<group>"; };
/* End PBXFileReference section */

/* Begin PBXFrameworksBuildPhase section */
		75669DE828F45014008D1DD9 /* Frameworks */ = {
			isa = PBXFrameworksBuildPhase;
			buildActionMask = 2147483647;
			files = (
			);
			runOnlyForDeploymentPostprocessing = 0;
		};
/* End PBXFrameworksBuildPhase section */

/* Begin PBXGroup section */
		75669DE228F45014008D1DD9 = {
			isa = PBXGroup;
			children = (
				75669DED28F45014008D1DD9 /* 21L-5617_LAB_6_Q1 */,
				75669DEC28F45014008D1DD9 /* Products */,
			);
			sourceTree = "<group>";
		};
		75669DEC28F45014008D1DD9 /* Products */ = {
			isa = PBXGroup;
			children = (
				75669DEB28F45014008D1DD9 /* 21L-5617_LAB_6_Q1 */,
			);
			name = Products;
			sourceTree = "<group>";
		};
		75669DED28F45014008D1DD9 /* 21L-5617_LAB_6_Q1 */ = {
			isa = PBXGroup;
			children = (
				75669DEE28F45014008D1DD9 /* main.cpp */,
				75669DF828F47089008D1DD9 /* Q1.cpp */,
				75669DFB28F471F5008D1DD9 /* 21L-5617_Q2.cpp */,
				75669DFE28F472B4008D1DD9 /* 21L_5617_Q3.cpp */,
				75669E0128F472CF008D1DD9 /* 21L-5617_Q4.cpp */,
			);
			path = "21L-5617_LAB_6_Q1";
			sourceTree = "<group>";
		};
/* End PBXGroup section */

/* Begin PBXNativeTarget section */
		75669DEA28F45014008D1DD9 /* 21L-5617_LAB_6_Q1 */ = {
			isa = PBXNativeTarget;
			buildConfigurationList = 75669DF228F45014008D1DD9 /* Build configuration list for PBXNativeTarget "21L-5617_LAB_6_Q1" */;
			buildPhases = (
				75669DE728F45014008D1DD9 /* Sources */,
				75669DE828F45014008D1DD9 /* Frameworks */,
				75669DE928F45014008D1DD9 /* CopyFiles */,
			);
			buildRules = (
			);
			dependencies = (
			);
			name = "21L-5617_LAB_6_Q1";
			productName = "21L-5617_LAB_6_Q1";
			productReference = 75669DEB28F45014008D1DD9 /* 21L-5617_LAB_6_Q1 */;
			productType = "com.apple.product-type.tool";
		};
/* End PBXNativeTarget section */

/* Begin PBXProject section */
		75669DE328F45014008D1DD9 /* Project object */ = {
			isa = PBXProject;
			attributes = {
				BuildIndependentTargetsInParallel = 1;
				LastUpgradeCheck = 1400;
				TargetAttributes = {
					75669DEA28F45014008D1DD9 = {
						CreatedOnToolsVersion = 14.0.1;
					};
				};
			};
			buildConfigurationList = 75669DE628F45014008D1DD9 /* Build configuration list for PBXProject "21L-5617_LAB_6_Q1" */;
			compatibilityVersion = "Xcode 14.0";
			developmentRegion = en;
			hasScannedForEncodings = 0;
			knownRegions = (
				en,
				Base,
			);
			mainGroup = 75669DE228F45014008D1DD9;
			productRefGroup = 75669DEC28F45014008D1DD9 /* Products */;
			projectDirPath = "";
			projectRoot = "";
			targets = (
				75669DEA28F45014008D1DD9 /* 21L-5617_LAB_6_Q1 */,
			);
		};
/* End PBXProject section */

/* Begin PBXSourcesBuildPhase section */
		75669DE728F45014008D1DD9 /* Sources */ = {
			isa = PBXSourcesBuildPhase;
			buildActionMask = 2147483647;
			files = (
				75669E0028F472B4008D1DD9 /* 21L_5617_Q3.cpp in Sources */,
				75669DFD28F471F5008D1DD9 /* 21L-5617_Q2.cpp in Sources */,
				75669DFA28F47089008D1DD9 /* Q1.cpp in Sources */,
				75669E0328F472CF008D1DD9 /* 21L-5617_Q4.cpp in Sources */,
				75669DEF28F45014008D1DD9 /* main.cpp in Sources */,
			);
			runOnlyForDeploymentPostprocessing = 0;
		};
/* End PBXSourcesBuildPhase section */

/* Begin XCBuildConfiguration section */
		75669DF028F45014008D1DD9 /* Debug */ = {
			isa = XCBuildConfiguration;
			buildSettings = {
				ALWAYS_SEARCH_USER_PATHS = NO;
				CLANG_ANALYZER_NONNULL = YES;
				CLANG_ANALYZER_NUMBER_OBJECT_CONVERSION = YES_AGGRESSIVE;
				CLANG_CXX_LANGUAGE_STANDARD = "gnu++20";
				CLANG_ENABLE_MODULES = YES;
				CLANG_ENABLE_OBJC_ARC = YES;
				CLANG_ENABLE_OBJC_WEAK = YES;
				CLANG_WARN_BLOCK_CAPTURE_AUTORELEASING = YES;
				CLANG_WARN_BOOL_CONVERSION = YES;
				CLANG_WARN_COMMA = YES;
				CLANG_WARN_CONSTANT_CONVERSION = YES;
				CLANG_WARN_DEPRECATED_OBJC_IMPLEMENTATIONS = YES;
				CLANG_WARN_DIRECT_OBJC_ISA_USAGE = YES_ERROR;
				CLANG_WARN_DOCUMENTATION_COMMENTS = YES;
				CLANG_WARN_EMPTY_BODY = YES;
				CLANG_WARN_ENUM_CONVERSION = YES;
				CLANG_WARN_INFINITE_RECURSION = YES;
				CLANG_WARN_INT_CONVERSION = YES;
				CLANG_WARN_NON_LITERAL_NULL_CONVERSION = YES;
				CLANG_WARN_OBJC_IMPLICIT_RETAIN_SELF = YES;
				CLANG_WARN_OBJC_LITERAL_CONVERSION = YES;
				CLANG_WARN_OBJC_ROOT_CLASS = YES_ERROR;
				CLANG_WARN_QUOTED_INCLUDE_IN_FRAMEWORK_HEADER = YES;
				CLANG_WARN_RANGE_LOOP_ANALYSIS = YES;
				CLANG_WARN_STRICT_PROTOTYPES = YES;
				CLANG_WARN_SUSPICIOUS_MOVE = YES;
				CLANG_WARN_UNGUARDED_AVAILABILITY = YES_AGGRESSIVE;
				CLANG_WARN_UNREACHABLE_CODE = YES;
				CLANG_WARN__DUPLICATE_METHOD_MATCH = YES;
				COPY_PHASE_STRIP = NO;
				DEBUG_INFORMATION_FORMAT = dwarf;
				ENABLE_STRICT_OBJC_MSGSEND = YES;
				ENABLE_TESTABILITY = YES;
				GCC_C_LANGUAGE_STANDARD = gnu11;
				GCC_DYNAMIC_NO_PIC = NO;
				GCC_NO_COMMON_BLOCKS = YES;
				GCC_OPTIMIZATION_LEVEL = 0;
				GCC_PREPROCESSOR_DEFINITIONS = (
					"DEBUG=1",
					"$(inherited)",
				);
				GCC_WARN_64_TO_32_BIT_CONVERSION = YES;
				GCC_WARN_ABOUT_RETURN_TYPE = YES_ERROR;
				GCC_WARN_UNDECLARED_SELECTOR = YES;
				GCC_WARN_UNINITIALIZED_AUTOS = YES_AGGRESSIVE;
				GCC_WARN_UNUSED_FUNCTION = YES;
				GCC_WARN_UNUSED_VARIABLE = YES;
				MACOSX_DEPLOYMENT_TARGET = 12.3;
				MTL_ENABLE_DEBUG_INFO = INCLUDE_SOURCE;
				MTL_FAST_MATH = YES;
				ONLY_ACTIVE_ARCH = YES;
				SDKROOT = macosx;
			};
			name = Debug;
		};
		75669DF128F45014008D1DD9 /* Release */ = {
			isa = XCBuildConfiguration;
			buildSettings = {
				ALWAYS_SEARCH_USER_PATHS = NO;
				CLANG_ANALYZER_NONNULL = YES;
				CLANG_ANALYZER_NUMBER_OBJECT_CONVERSION = YES_AGGRESSIVE;
				CLANG_CXX_LANGUAGE_STANDARD = "gnu++20";
				CLANG_ENABLE_MODULES = YES;
				CLANG_ENABLE_OBJC_ARC = YES;
				CLANG_ENABLE_OBJC_WEAK = YES;
				CLANG_WARN_BLOCK_CAPTURE_AUTORELEASING = YES;
				CLANG_WARN_BOOL_CONVERSION = YES;
				CLANG_WARN_COMMA = YES;
				CLANG_WARN_CONSTANT_CONVERSION = YES;
				CLANG_WARN_DEPRECATED_OBJC_IMPLEMENTATIONS = YES;
				CLANG_WARN_DIRECT_OBJC_ISA_USAGE = YES_ERROR;
				CLANG_WARN_DOCUMENTATION_COMMENTS = YES;
				CLANG_WARN_EMPTY_BODY = YES;
				CLANG_WARN_ENUM_CONVERSION = YES;
				CLANG_WARN_INFINITE_RECURSION = YES;
				CLANG_WARN_INT_CONVERSION = YES;
				CLANG_WARN_NON_LITERAL_NULL_CONVERSION = YES;
				CLANG_WARN_OBJC_IMPLICIT_RETAIN_SELF = YES;
				CLANG_WARN_OBJC_LITERAL_CONVERSION = YES;
				CLANG_WARN_OBJC_ROOT_CLASS = YES_ERROR;
				CLANG_WARN_QUOTED_INCLUDE_IN_FRAMEWORK_HEADER = YES;
				CLANG_WARN_RANGE_LOOP_ANALYSIS = YES;
				CLANG_WARN_STRICT_PROTOTYPES = YES;
				CLANG_WARN_SUSPICIOUS_MOVE = YES;
				CLANG_WARN_UNGUARDED_AVAILABILITY = YES_AGGRESSIVE;
				CLANG_WARN_UNREACHABLE_CODE = YES;
				CLANG_WARN__DUPLICATE_METHOD_MATCH = YES;
				COPY_PHASE_STRIP = NO;
				DEBUG_INFORMATION_FORMAT = "dwarf-with-dsym";
				ENABLE_NS_ASSERTIONS = NO;
				ENABLE_STRICT_OBJC_MSGSEND = YES;
				GCC_C_LANGUAGE_STANDARD = gnu11;
				GCC_NO_COMMON_BLOCKS = YES;
				GCC_WARN_64_TO_32_BIT_CONVERSION = YES;
				GCC_WARN_ABOUT_RETURN_TYPE = YES_ERROR;
				GCC_WARN_UNDECLARED_SELECTOR = YES;
				GCC_WARN_UNINITIALIZED_AUTOS = YES_AGGRESSIVE;
				GCC_WARN_UNUSED_FUNCTION = YES;
				GCC_WARN_UNUSED_VARIABLE = YES;
				MACOSX_DEPLOYMENT_TARGET = 12.3;
				MTL_ENABLE_DEBUG_INFO = NO;
				MTL_FAST_MATH = YES;
				SDKROOT = macosx;
			};
			name = Release;
		};
		75669DF328F45014008D1DD9 /* Debug */ = {
			isa = XCBuildConfiguration;
			buildSettings = {
				CODE_SIGN_STYLE = Automatic;
				PRODUCT_NAME = "$(TARGET_NAME)";
			};
			name = Debug;
		};
		75669DF428F45014008D1DD9 /* Release */ = {
			isa = XCBuildConfiguration;
			buildSettings = {
				CODE_SIGN_STYLE = Automatic;
				PRODUCT_NAME = "$(TARGET_NAME)";
			};
			name = Release;
		};
/* End XCBuildConfiguration section */

/* Begin XCConfigurationList section */
		75669DE628F45014008D1DD9 /* Build configuration list for PBXProject "21L-5617_LAB_6_Q1" */ = {
			isa = XCConfigurationList;
			buildConfigurations = (
				75669DF028F45014008D1DD9 /* Debug */,
				75669DF128F45014008D1DD9 /* Release */,
			);
			defaultConfigurationIsVisible = 0;
			defaultConfigurationName = Release;
		};
		75669DF228F45014008D1DD9 /* Build configuration list for PBXNativeTarget "21L-5617_LAB_6_Q1" */ = {
			isa = XCConfigurationList;
			buildConfigurations = (
				75669DF328F45014008D1DD9 /* Debug */,
				75669DF428F45014008D1DD9 /* Release */,
			);
			defaultConfigurationIsVisible = 0;
			defaultConfigurationName = Release;
		};
/* End XCConfigurationList section */
	};
	rootObject = 75669DE328F45014008D1DD9 /* Project object */;
}
