// !$*UTF8*$!
{
	archiveVersion = 1;
	classes = {
	};
	objectVersion = 56;
	objects = {

/* Begin PBXBuildFile section */
		75EA5BB328FDA61C00C8F92E /* main.cpp in Sources */ = {isa = PBXBuildFile; fileRef = 75EA5BB228FDA61C00C8F92E /* main.cpp */; };
		75EA5BBB28FDA66C00C8F92E /* Q_2.cpp in Sources */ = {isa = PBXBuildFile; fileRef = 75EA5BB928FDA66C00C8F92E /* Q_2.cpp */; };
		75EA5BBE28FDB03D00C8F92E /* Q_3.cpp in Sources */ = {isa = PBXBuildFile; fileRef = 75EA5BBC28FDB03D00C8F92E /* Q_3.cpp */; };
		75EA5BC128FDC5D400C8F92E /* Q_4.cpp in Sources */ = {isa = PBXBuildFile; fileRef = 75EA5BBF28FDC5D400C8F92E /* Q_4.cpp */; };
/* End PBXBuildFile section */

/* Begin PBXCopyFilesBuildPhase section */
		75EA5BAD28FDA61C00C8F92E /* CopyFiles */ = {
			isa = PBXCopyFilesBuildPhase;
			buildActionMask = 2147483647;
			dstPath = /usr/share/man/man1/;
			dstSubfolderSpec = 0;
			files = (
			);
			runOnlyForDeploymentPostprocessing = 1;
		};
/* End PBXCopyFilesBuildPhase section */

/* Begin PBXFileReference section */
		75EA5BAF28FDA61C00C8F92E /* lab-7 */ = {isa = PBXFileReference; explicitFileType = "compiled.mach-o.executable"; includeInIndex = 0; path = "lab-7"; sourceTree = BUILT_PRODUCTS_DIR; };
		75EA5BB228FDA61C00C8F92E /* main.cpp */ = {isa = PBXFileReference; lastKnownFileType = sourcecode.cpp.cpp; path = main.cpp; sourceTree = "<group>"; };
		75EA5BB928FDA66C00C8F92E /* Q_2.cpp */ = {isa = PBXFileReference; lastKnownFileType = sourcecode.cpp.cpp; name = Q_2.cpp; path = "lab-7/Q_2.cpp"; sourceTree = "<group>"; };
		75EA5BBC28FDB03D00C8F92E /* Q_3.cpp */ = {isa = PBXFileReference; lastKnownFileType = sourcecode.cpp.cpp; name = Q_3.cpp; path = "lab-7/Q_3.cpp"; sourceTree = "<group>"; };
		75EA5BBD28FDB03D00C8F92E /* Q_3.hpp */ = {isa = PBXFileReference; lastKnownFileType = sourcecode.cpp.h; name = Q_3.hpp; path = "lab-7/Q_3.hpp"; sourceTree = "<group>"; };
		75EA5BBF28FDC5D400C8F92E /* Q_4.cpp */ = {isa = PBXFileReference; lastKnownFileType = sourcecode.cpp.cpp; name = Q_4.cpp; path = "lab-7/Q_4.cpp"; sourceTree = "<group>"; };
		75EA5BC028FDC5D400C8F92E /* Q_4.hpp */ = {isa = PBXFileReference; lastKnownFileType = sourcecode.cpp.h; name = Q_4.hpp; path = "lab-7/Q_4.hpp"; sourceTree = "<group>"; };
/* End PBXFileReference section */

/* Begin PBXFrameworksBuildPhase section */
		75EA5BAC28FDA61C00C8F92E /* Frameworks */ = {
			isa = PBXFrameworksBuildPhase;
			buildActionMask = 2147483647;
			files = (
			);
			runOnlyForDeploymentPostprocessing = 0;
		};
/* End PBXFrameworksBuildPhase section */

/* Begin PBXGroup section */
		75EA5BA628FDA61C00C8F92E = {
			isa = PBXGroup;
			children = (
				75EA5BBF28FDC5D400C8F92E /* Q_4.cpp */,
				75EA5BC028FDC5D400C8F92E /* Q_4.hpp */,
				75EA5BBC28FDB03D00C8F92E /* Q_3.cpp */,
				75EA5BBD28FDB03D00C8F92E /* Q_3.hpp */,
				75EA5BB928FDA66C00C8F92E /* Q_2.cpp */,
				75EA5BB128FDA61C00C8F92E /* lab-7 */,
				75EA5BB028FDA61C00C8F92E /* Products */,
			);
			sourceTree = "<group>";
		};
		75EA5BB028FDA61C00C8F92E /* Products */ = {
			isa = PBXGroup;
			children = (
				75EA5BAF28FDA61C00C8F92E /* lab-7 */,
			);
			name = Products;
			sourceTree = "<group>";
		};
		75EA5BB128FDA61C00C8F92E /* lab-7 */ = {
			isa = PBXGroup;
			children = (
				75EA5BB228FDA61C00C8F92E /* main.cpp */,
			);
			path = "lab-7";
			sourceTree = "<group>";
		};
/* End PBXGroup section */

/* Begin PBXNativeTarget section */
		75EA5BAE28FDA61C00C8F92E /* lab-7 */ = {
			isa = PBXNativeTarget;
			buildConfigurationList = 75EA5BB628FDA61C00C8F92E /* Build configuration list for PBXNativeTarget "lab-7" */;
			buildPhases = (
				75EA5BAB28FDA61C00C8F92E /* Sources */,
				75EA5BAC28FDA61C00C8F92E /* Frameworks */,
				75EA5BAD28FDA61C00C8F92E /* CopyFiles */,
			);
			buildRules = (
			);
			dependencies = (
			);
			name = "lab-7";
			productName = "lab-7";
			productReference = 75EA5BAF28FDA61C00C8F92E /* lab-7 */;
			productType = "com.apple.product-type.tool";
		};
/* End PBXNativeTarget section */

/* Begin PBXProject section */
		75EA5BA728FDA61C00C8F92E /* Project object */ = {
			isa = PBXProject;
			attributes = {
				BuildIndependentTargetsInParallel = 1;
				LastUpgradeCheck = 1400;
				TargetAttributes = {
					75EA5BAE28FDA61C00C8F92E = {
						CreatedOnToolsVersion = 14.0.1;
					};
				};
			};
			buildConfigurationList = 75EA5BAA28FDA61C00C8F92E /* Build configuration list for PBXProject "lab-7" */;
			compatibilityVersion = "Xcode 14.0";
			developmentRegion = en;
			hasScannedForEncodings = 0;
			knownRegions = (
				en,
				Base,
			);
			mainGroup = 75EA5BA628FDA61C00C8F92E;
			productRefGroup = 75EA5BB028FDA61C00C8F92E /* Products */;
			projectDirPath = "";
			projectRoot = "";
			targets = (
				75EA5BAE28FDA61C00C8F92E /* lab-7 */,
			);
		};
/* End PBXProject section */

/* Begin PBXSourcesBuildPhase section */
		75EA5BAB28FDA61C00C8F92E /* Sources */ = {
			isa = PBXSourcesBuildPhase;
			buildActionMask = 2147483647;
			files = (
				75EA5BC128FDC5D400C8F92E /* Q_4.cpp in Sources */,
				75EA5BBE28FDB03D00C8F92E /* Q_3.cpp in Sources */,
				75EA5BBB28FDA66C00C8F92E /* Q_2.cpp in Sources */,
				75EA5BB328FDA61C00C8F92E /* main.cpp in Sources */,
			);
			runOnlyForDeploymentPostprocessing = 0;
		};
/* End PBXSourcesBuildPhase section */

/* Begin XCBuildConfiguration section */
		75EA5BB428FDA61C00C8F92E /* Debug */ = {
			isa = XCBuildConfiguration;
			buildSettings = {
				ALWAYS_SEARCH_USER_PATHS = NO;
				CLANG_ANALYZER_NONNULL = YES;
				CLANG_ANALYZER_NUMBER_OBJECT_CONVERSION = YES_AGGRESSIVE;
				CLANG_CXX_LANGUAGE_STANDARD = "gnu++20";
				CLANG_ENABLE_MODULES = YES;
				CLANG_ENABLE_OBJC_ARC = YES;
				CLANG_ENABLE_OBJC_WEAK = YES;
				CLANG_WARN_BLOCK_CAPTURE_AUTORELEASING = YES;
				CLANG_WARN_BOOL_CONVERSION = YES;
				CLANG_WARN_COMMA = YES;
				CLANG_WARN_CONSTANT_CONVERSION = YES;
				CLANG_WARN_DEPRECATED_OBJC_IMPLEMENTATIONS = YES;
				CLANG_WARN_DIRECT_OBJC_ISA_USAGE = YES_ERROR;
				CLANG_WARN_DOCUMENTATION_COMMENTS = YES;
				CLANG_WARN_EMPTY_BODY = YES;
				CLANG_WARN_ENUM_CONVERSION = YES;
				CLANG_WARN_INFINITE_RECURSION = YES;
				CLANG_WARN_INT_CONVERSION = YES;
				CLANG_WARN_NON_LITERAL_NULL_CONVERSION = YES;
				CLANG_WARN_OBJC_IMPLICIT_RETAIN_SELF = YES;
				CLANG_WARN_OBJC_LITERAL_CONVERSION = YES;
				CLANG_WARN_OBJC_ROOT_CLASS = YES_ERROR;
				CLANG_WARN_QUOTED_INCLUDE_IN_FRAMEWORK_HEADER = YES;
				CLANG_WARN_RANGE_LOOP_ANALYSIS = YES;
				CLANG_WARN_STRICT_PROTOTYPES = YES;
				CLANG_WARN_SUSPICIOUS_MOVE = YES;
				CLANG_WARN_UNGUARDED_AVAILABILITY = YES_AGGRESSIVE;
				CLANG_WARN_UNREACHABLE_CODE = YES;
				CLANG_WARN__DUPLICATE_METHOD_MATCH = YES;
				COPY_PHASE_STRIP = NO;
				DEBUG_INFORMATION_FORMAT = dwarf;
				ENABLE_STRICT_OBJC_MSGSEND = YES;
				ENABLE_TESTABILITY = YES;
				GCC_C_LANGUAGE_STANDARD = gnu11;
				GCC_DYNAMIC_NO_PIC = NO;
				GCC_NO_COMMON_BLOCKS = YES;
				GCC_OPTIMIZATION_LEVEL = 0;
				GCC_PREPROCESSOR_DEFINITIONS = (
					"DEBUG=1",
					"$(inherited)",
				);
				GCC_WARN_64_TO_32_BIT_CONVERSION = YES;
				GCC_WARN_ABOUT_RETURN_TYPE = YES_ERROR;
				GCC_WARN_UNDECLARED_SELECTOR = YES;
				GCC_WARN_UNINITIALIZED_AUTOS = YES_AGGRESSIVE;
				GCC_WARN_UNUSED_FUNCTION = YES;
				GCC_WARN_UNUSED_VARIABLE = YES;
				MACOSX_DEPLOYMENT_TARGET = 12.3;
				MTL_ENABLE_DEBUG_INFO = INCLUDE_SOURCE;
				MTL_FAST_MATH = YES;
				ONLY_ACTIVE_ARCH = YES;
				SDKROOT = macosx;
			};
			name = Debug;
		};
		75EA5BB528FDA61C00C8F92E /* Release */ = {
			isa = XCBuildConfiguration;
			buildSettings = {
				ALWAYS_SEARCH_USER_PATHS = NO;
				CLANG_ANALYZER_NONNULL = YES;
				CLANG_ANALYZER_NUMBER_OBJECT_CONVERSION = YES_AGGRESSIVE;
				CLANG_CXX_LANGUAGE_STANDARD = "gnu++20";
				CLANG_ENABLE_MODULES = YES;
				CLANG_ENABLE_OBJC_ARC = YES;
				CLANG_ENABLE_OBJC_WEAK = YES;
				CLANG_WARN_BLOCK_CAPTURE_AUTORELEASING = YES;
				CLANG_WARN_BOOL_CONVERSION = YES;
				CLANG_WARN_COMMA = YES;
				CLANG_WARN_CONSTANT_CONVERSION = YES;
				CLANG_WARN_DEPRECATED_OBJC_IMPLEMENTATIONS = YES;
				CLANG_WARN_DIRECT_OBJC_ISA_USAGE = YES_ERROR;
				CLANG_WARN_DOCUMENTATION_COMMENTS = YES;
				CLANG_WARN_EMPTY_BODY = YES;
				CLANG_WARN_ENUM_CONVERSION = YES;
				CLANG_WARN_INFINITE_RECURSION = YES;
				CLANG_WARN_INT_CONVERSION = YES;
				CLANG_WARN_NON_LITERAL_NULL_CONVERSION = YES;
				CLANG_WARN_OBJC_IMPLICIT_RETAIN_SELF = YES;
				CLANG_WARN_OBJC_LITERAL_CONVERSION = YES;
				CLANG_WARN_OBJC_ROOT_CLASS = YES_ERROR;
				CLANG_WARN_QUOTED_INCLUDE_IN_FRAMEWORK_HEADER = YES;
				CLANG_WARN_RANGE_LOOP_ANALYSIS = YES;
				CLANG_WARN_STRICT_PROTOTYPES = YES;
				CLANG_WARN_SUSPICIOUS_MOVE = YES;
				CLANG_WARN_UNGUARDED_AVAILABILITY = YES_AGGRESSIVE;
				CLANG_WARN_UNREACHABLE_CODE = YES;
				CLANG_WARN__DUPLICATE_METHOD_MATCH = YES;
				COPY_PHASE_STRIP = NO;
				DEBUG_INFORMATION_FORMAT = "dwarf-with-dsym";
				ENABLE_NS_ASSERTIONS = NO;
				ENABLE_STRICT_OBJC_MSGSEND = YES;
				GCC_C_LANGUAGE_STANDARD = gnu11;
				GCC_NO_COMMON_BLOCKS = YES;
				GCC_WARN_64_TO_32_BIT_CONVERSION = YES;
				GCC_WARN_ABOUT_RETURN_TYPE = YES_ERROR;
				GCC_WARN_UNDECLARED_SELECTOR = YES;
				GCC_WARN_UNINITIALIZED_AUTOS = YES_AGGRESSIVE;
				GCC_WARN_UNUSED_FUNCTION = YES;
				GCC_WARN_UNUSED_VARIABLE = YES;
				MACOSX_DEPLOYMENT_TARGET = 12.3;
				MTL_ENABLE_DEBUG_INFO = NO;
				MTL_FAST_MATH = YES;
				SDKROOT = macosx;
			};
			name = Release;
		};
		75EA5BB728FDA61C00C8F92E /* Debug */ = {
			isa = XCBuildConfiguration;
			buildSettings = {
				CODE_SIGN_STYLE = Automatic;
				PRODUCT_NAME = "$(TARGET_NAME)";
			};
			name = Debug;
		};
		75EA5BB828FDA61C00C8F92E /* Release */ = {
			isa = XCBuildConfiguration;
			buildSettings = {
				CODE_SIGN_STYLE = Automatic;
				PRODUCT_NAME = "$(TARGET_NAME)";
			};
			name = Release;
		};
/* End XCBuildConfiguration section */

/* Begin XCConfigurationList section */
		75EA5BAA28FDA61C00C8F92E /* Build configuration list for PBXProject "lab-7" */ = {
			isa = XCConfigurationList;
			buildConfigurations = (
				75EA5BB428FDA61C00C8F92E /* Debug */,
				75EA5BB528FDA61C00C8F92E /* Release */,
			);
			defaultConfigurationIsVisible = 0;
			defaultConfigurationName = Release;
		};
		75EA5BB628FDA61C00C8F92E /* Build configuration list for PBXNativeTarget "lab-7" */ = {
			isa = XCConfigurationList;
			buildConfigurations = (
				75EA5BB728FDA61C00C8F92E /* Debug */,
				75EA5BB828FDA61C00C8F92E /* Release */,
			);
			defaultConfigurationIsVisible = 0;
			defaultConfigurationName = Release;
		};
/* End XCConfigurationList section */
	};
	rootObject = 75EA5BA728FDA61C00C8F92E /* Project object */;
}
